<?xml version="1.0" encoding="utf-8"?>
<Project ToolsVersion="4.0" xmlns="http://schemas.microsoft.com/developer/msbuild/2003">
  <ItemGroup>
    <Filter Include="Source Files">
      <UniqueIdentifier>{4FC737F1-C7A5-4376-A066-2A32D752A2FF}</UniqueIdentifier>
      <Extensions>cpp;c;cc;cxx;def;odl;idl;hpj;bat;asm;asmx</Extensions>
    </Filter>
    <Filter Include="Header Files">
      <UniqueIdentifier>{93995380-89BD-4b04-88EB-625FBE52EBFB}</UniqueIdentifier>
      <Extensions>h;hh;hpp;hxx;hm;inl;inc;ipp;xsd</Extensions>
    </Filter>
    <Filter Include="Resource Files">
      <UniqueIdentifier>{67DA6AB6-F800-4c08-8B7A-83BB121AAD01}</UniqueIdentifier>
      <Extensions>rc;ico;cur;bmp;dlg;rc2;rct;bin;rgs;gif;jpg;jpeg;jpe;resx;tiff;tif;png;wav;mfcribbon-ms</Extensions>
    </Filter>
  </ItemGroup>
  <ItemGroup>
    <ClInclude Include="Future.h">
      <Filter>Header Files</Filter>
    </ClInclude>
    <ClInclude Include="Listbox.h">
      <Filter>Header Files</Filter>
    </ClInclude>
    <ClInclude Include="ScrollBars.h">
      <Filter>Header Files</Filter>
    </ClInclude>
    <ClInclude Include="SelectBox.h">
      <Filter>Header Files</Filter>
    </ClInclude>
    <ClInclude Include="TooFuture\UserInterface.h">
      <Filter>Header Files</Filter>
    </ClInclude>
    <ClInclude Include="TooFuture\TrianglePoly.h">
      <Filter>Header Files</Filter>
    </ClInclude>
    <ClInclude Include="TooFuture\PixelMap.h">
      <Filter>Header Files</Filter>
    </ClInclude>
    <ClInclude Include="TooFuture\GuiElementManager.h">
      <Filter>Header Files</Filter>
    </ClInclude>
    <ClInclude Include="TooFuture\GUI.h">
      <Filter>Header Files</Filter>
    </ClInclude>
    <ClInclude Include="TooFuture\Group.h">
      <Filter>Header Files</Filter>
    </ClInclude>
    <ClInclude Include="TooFuture\FloodfillMap.h">
      <Filter>Header Files</Filter>
    </ClInclude>
    <ClInclude Include="TooFuture\ItemManager.h">
      <Filter>Header Files</Filter>
    </ClInclude>
    <ClInclude Include="TooFuture\VectorSpritesheet.h">
      <Filter>Header Files</Filter>
    </ClInclude>
    <ClInclude Include="TooFuture\Animation.h">
      <Filter>Header Files</Filter>
    </ClInclude>
  </ItemGroup>
  <ItemGroup>
    <ClCompile Include="main.cpp">
      <Filter>Source Files</Filter>
    </ClCompile>
    <ClCompile Include="TooFuture\TrianglePoly.cpp">
      <Filter>Source Files</Filter>
    </ClCompile>
    <ClCompile Include="TooFuture\PixelMap.cpp">
      <Filter>Source Files</Filter>
    </ClCompile>
    <ClCompile Include="TooFuture\FloodfillMap.cpp">
      <Filter>Source Files</Filter>
    </ClCompile>
  </ItemGroup>
  <ItemGroup>
    <Text Include="TODO.txt" />
  </ItemGroup>
</Project>