<?xml version="1.0" encoding="utf-8"?>
<Project ToolsVersion="4.0" xmlns="http://schemas.microsoft.com/developer/msbuild/2003">
  <ItemGroup>
    <ClCompile Include="..\Assets\Bitmap.cpp">
      <Filter>AssetsCPP</Filter>
    </ClCompile>
    <ClCompile Include="..\Assets\D3DGraphics.cpp">
      <Filter>AssetsCPP</Filter>
    </ClCompile>
    <ClCompile Include="..\Assets\Keyboard.cpp">
      <Filter>AssetsCPP</Filter>
    </ClCompile>
    <ClCompile Include="..\Assets\Mouse.cpp">
      <Filter>AssetsCPP</Filter>
    </ClCompile>
    <ClCompile Include="..\Assets\Sound.cpp">
      <Filter>AssetsCPP</Filter>
    </ClCompile>
    <ClCompile Include="..\Assets\Timer.cpp">
      <Filter>AssetsCPP</Filter>
    </ClCompile>
    <ClCompile Include="..\Assets\Windows.cpp">
      <Filter>AssetsCPP</Filter>
    </ClCompile>
    <ClCompile Include="..\Code\Func.cpp">
      <Filter>CPP</Filter>
    </ClCompile>
    <ClCompile Include="..\Code\Drawing.cpp">
      <Filter>CPP</Filter>
    </ClCompile>
    <ClCompile Include="..\Code\Bmap.cpp">
      <Filter>CPP</Filter>
    </ClCompile>
    <ClCompile Include="..\Code\Animation.cpp">
      <Filter>CPP</Filter>
    </ClCompile>
    <ClCompile Include="..\Code\Spritesheet.cpp">
      <Filter>CPP</Filter>
    </ClCompile>
    <ClCompile Include="..\Code\TestInterface.cpp">
      <Filter>CPP</Filter>
    </ClCompile>
    <ClCompile Include="..\Code\VectorBitmap.cpp">
      <Filter>CPP</Filter>
    </ClCompile>
    <ClCompile Include="..\Code\Game.cpp">
      <Filter>CPP</Filter>
    </ClCompile>
    <ClCompile Include="..\Code\Interface.cpp">
      <Filter>CPP</Filter>
    </ClCompile>
    <ClCompile Include="..\Code\FontType.cpp">
      <Filter>CPP</Filter>
    </ClCompile>
    <ClCompile Include="..\Code\CustomMath.cpp">
      <Filter>CPP</Filter>
    </ClCompile>
    <ClCompile Include="..\Code\Vectors.cpp">
      <Filter>CPP</Filter>
    </ClCompile>
    <ClCompile Include="..\Code\OutputStream.cpp">
      <Filter>CPP</Filter>
    </ClCompile>
    <ClCompile Include="..\Code\DebugGUI.cpp">
      <Filter>CPP</Filter>
    </ClCompile>
    <ClCompile Include="..\Code\Labelz.cpp">
      <Filter>CPP</Filter>
    </ClCompile>
    <ClCompile Include="..\Code\GuiBuilder.cpp">
      <Filter>CPP</Filter>
    </ClCompile>
  </ItemGroup>
  <ItemGroup>
    <ClInclude Include="..\Assets\D3DGraphics.h">
      <Filter>AssetsHPP</Filter>
    </ClInclude>
    <ClInclude Include="..\Assets\FrameTimer.h">
      <Filter>AssetsHPP</Filter>
    </ClInclude>
    <ClInclude Include="..\Assets\Keyboard.h">
      <Filter>AssetsHPP</Filter>
    </ClInclude>
    <ClInclude Include="..\Assets\Mouse.h">
      <Filter>AssetsHPP</Filter>
    </ClInclude>
    <ClInclude Include="..\Assets\Sound.h">
      <Filter>AssetsHPP</Filter>
    </ClInclude>
    <ClInclude Include="..\Assets\Surface.h">
      <Filter>AssetsHPP</Filter>
    </ClInclude>
    <ClInclude Include="..\Assets\SurfaceSequence.h">
      <Filter>AssetsHPP</Filter>
    </ClInclude>
    <ClInclude Include="..\Assets\Timer.h">
      <Filter>AssetsHPP</Filter>
    </ClInclude>
    <ClInclude Include="..\Assets\Bitmap.h">
      <Filter>AssetsHPP</Filter>
    </ClInclude>
    <ClInclude Include="..\Code\Animation.h">
      <Filter>HPP</Filter>
    </ClInclude>
    <ClInclude Include="..\Code\Drawing.h">
      <Filter>HPP</Filter>
    </ClInclude>
    <ClInclude Include="..\Code\Bmap.h">
      <Filter>HPP</Filter>
    </ClInclude>
    <ClInclude Include="..\Code\Spritesheet.h">
      <Filter>HPP</Filter>
    </ClInclude>
    <ClInclude Include="..\Code\TestInterface.h">
      <Filter>HPP</Filter>
    </ClInclude>
    <ClInclude Include="..\Code\VectorBitmap.h">
      <Filter>HPP</Filter>
    </ClInclude>
    <ClInclude Include="..\Code\Func.h">
      <Filter>HPP</Filter>
    </ClInclude>
    <ClInclude Include="..\Assets\Resource.h">
      <Filter>Resources</Filter>
    </ClInclude>
    <ClInclude Include="..\Code\Colors.h">
      <Filter>HPP</Filter>
    </ClInclude>
    <ClInclude Include="..\Code\Game.h">
      <Filter>HPP</Filter>
    </ClInclude>
    <ClInclude Include="..\Code\Interface.h">
      <Filter>HPP</Filter>
    </ClInclude>
    <ClInclude Include="..\Code\FontType.h">
      <Filter>HPP</Filter>
    </ClInclude>
    <ClInclude Include="..\Code\CustomMath.h">
      <Filter>HPP</Filter>
    </ClInclude>
    <ClInclude Include="..\Code\Vectors.h">
      <Filter>HPP</Filter>
    </ClInclude>
    <ClInclude Include="..\Code\OutputStream.h">
      <Filter>HPP</Filter>
    </ClInclude>
    <ClInclude Include="..\Code\DebugGUI.h">
      <Filter>HPP</Filter>
    </ClInclude>
    <ClInclude Include="..\Code\Labelz.h">
      <Filter>HPP</Filter>
    </ClInclude>
    <ClInclude Include="..\Code\GuiBuilder.h">
      <Filter>HPP</Filter>
    </ClInclude>
  </ItemGroup>
  <ItemGroup>
    <Filter Include="Resources">
      <UniqueIdentifier>{8d3571fe-7cf3-4d30-8fba-2fba0db3dab1}</UniqueIdentifier>
    </Filter>
    <Filter Include="HPP">
      <UniqueIdentifier>{709c2577-b357-4f92-8341-6d7414f9f036}</UniqueIdentifier>
    </Filter>
    <Filter Include="AssetsHPP">
      <UniqueIdentifier>{2385b0f1-9508-4712-879d-f723dc7787da}</UniqueIdentifier>
    </Filter>
    <Filter Include="AssetsCPP">
      <UniqueIdentifier>{df551cd0-efe6-47c9-9671-241ac2d96a8b}</UniqueIdentifier>
    </Filter>
    <Filter Include="CPP">
      <UniqueIdentifier>{a8bfde38-23f7-4e41-b97d-3bd1ad2be44a}</UniqueIdentifier>
    </Filter>
  </ItemGroup>
  <ItemGroup>
    <Resource Include="..\Assets\ChiliDirectXFramework.res">
      <Filter>Resources</Filter>
    </Resource>
  </ItemGroup>
  <ItemGroup>
    <Text Include="..\Code\TODO.TXT">
      <Filter>Resources</Filter>
    </Text>
  </ItemGroup>
</Project>