<?xml version="1.0" encoding="utf-8"?>
<Project ToolsVersion="4.0" xmlns="http://schemas.microsoft.com/developer/msbuild/2003">
  <ItemGroup>
    <ClCompile Include="Code\GAME\Game.cpp" />
    <ClCompile Include="Code\Bmap.cpp" />
    <ClCompile Include="Code\CustomMath.cpp" />
    <ClCompile Include="Code\Drawing.cpp" />
    <ClCompile Include="Code\Element.cpp" />
    <ClCompile Include="Code\FloodfillMap.cpp" />
    <ClCompile Include="Code\Func.cpp" />
    <ClCompile Include="Code\GlobalObjects.cpp" />
    <ClCompile Include="Code\Interface.cpp" />
    <ClCompile Include="Code\OutputStream.cpp" />
    <ClCompile Include="Code\PixelMap.cpp" />
    <ClCompile Include="Code\TestInterface.cpp" />
    <ClCompile Include="Code\TrianglePoly.cpp" />
    <ClCompile Include="Static.cpp" />
  </ItemGroup>
  <ItemGroup>
    <ClInclude Include="Code\GAME\Game.h" />
    <ClInclude Include="Code\Animation.h" />
    <ClInclude Include="Code\BitmapArray.h" />
    <ClInclude Include="Code\BitmapFont.h" />
    <ClInclude Include="Code\Bmap.h" />
    <ClInclude Include="Code\Button.h" />
    <ClInclude Include="Code\ButtonManager.h" />
    <ClInclude Include="Code\Checkbox.h" />
    <ClInclude Include="Code\ColorButton.h" />
    <ClInclude Include="Code\Colors.h" />
    <ClInclude Include="Code\ConfigFile.h" />
    <ClInclude Include="Code\CustomMath.h" />
    <ClInclude Include="Code\DebugGUI.h" />
    <ClInclude Include="Code\Drawing.h" />
    <ClInclude Include="Code\Element.h" />
    <ClInclude Include="Code\ElementExtended.h" />
    <ClInclude Include="Code\FloodfillMap.h" />
    <ClInclude Include="Code\Func.h" />
    <ClInclude Include="Code\GlobalObjects.h" />
    <ClInclude Include="Code\Group.h" />
    <ClInclude Include="Code\GUI.h" />
    <ClInclude Include="Code\GuiElementManager.h" />
    <ClInclude Include="Code\ImageButton.h" />
    <ClInclude Include="Code\Interface.h" />
    <ClInclude Include="Code\ItemManager.h" />
    <ClInclude Include="Code\KeyData.h" />
    <ClInclude Include="Code\Labelz.h" />
    <ClInclude Include="Code\MBmap.h" />
    <ClInclude Include="Code\MouseHelper.h" />
    <ClInclude Include="Code\MouseRegion.h" />
    <ClInclude Include="Code\OutputStream.h" />
    <ClInclude Include="Code\PixelMap.h" />
    <ClInclude Include="Code\TestInterface.h" />
    <ClInclude Include="Code\Textbox.h" />
    <ClInclude Include="Code\TrianglePoly.h" />
    <ClInclude Include="Code\UserInterface.h" />
    <ClInclude Include="Code\Vectors.h" />
    <ClInclude Include="Code\VectorSpritesheet.h" />
    <ClInclude Include="Static.h" />
  </ItemGroup>
</Project>