<?xml version="1.0" encoding="utf-8"?>
<Project ToolsVersion="4.0" xmlns="http://schemas.microsoft.com/developer/msbuild/2003">
  <ItemGroup>
    <Filter Include="Assets">
      <UniqueIdentifier>{a2139b40-5700-4b41-a841-28f93a0dd24d}</UniqueIdentifier>
    </Filter>
    <Filter Include="Assets\ChilliFramework">
      <UniqueIdentifier>{d7dcff90-e2e0-4e26-a4cc-a7ecdd962bb4}</UniqueIdentifier>
    </Filter>
    <Filter Include="Assets\Resources">
      <UniqueIdentifier>{f291b942-3295-49b7-8b0b-d67e1c12189d}</UniqueIdentifier>
    </Filter>
    <Filter Include="Assets\Engine2">
      <UniqueIdentifier>{63359dbc-fc34-4cd3-b9b0-85e6ae1ba550}</UniqueIdentifier>
    </Filter>
    <Filter Include="Assets\ChilliFramework\C">
      <UniqueIdentifier>{ffe2df6a-4625-48c7-a1ec-7a9340ef58bf}</UniqueIdentifier>
    </Filter>
    <Filter Include="Assets\ChilliFramework\H">
      <UniqueIdentifier>{57f0f144-5944-486b-bf4e-651de46c76c8}</UniqueIdentifier>
    </Filter>
    <Filter Include="Assets\Engine2\C">
      <UniqueIdentifier>{36ffe713-5ee2-4d44-ac0c-7977db41e1cf}</UniqueIdentifier>
    </Filter>
    <Filter Include="Assets\Engine2\H">
      <UniqueIdentifier>{28741052-c51d-4de6-be84-681b09869cab}</UniqueIdentifier>
    </Filter>
    <Filter Include="Assets\META">
      <UniqueIdentifier>{d801954d-6667-4cf1-b69d-0217dde18141}</UniqueIdentifier>
    </Filter>
    <Filter Include="Assets\Engine2\GUI">
      <UniqueIdentifier>{c4ae3eb1-084c-4a7d-a2c6-eb2053bac364}</UniqueIdentifier>
    </Filter>
    <Filter Include="Assets\Engine2\GUI\C">
      <UniqueIdentifier>{5b1048a5-153a-477b-9b2f-8372c84bc828}</UniqueIdentifier>
    </Filter>
    <Filter Include="Assets\Engine2\GUI\H">
      <UniqueIdentifier>{76fa8e89-cf70-4cfc-ab98-ef84209673e2}</UniqueIdentifier>
    </Filter>
    <Filter Include="Assets\Engine2\GUI\parts">
      <UniqueIdentifier>{f1ff5ae4-1c48-4ba9-b05c-1aeba469bb91}</UniqueIdentifier>
    </Filter>
    <Filter Include="Assets\Engine2\GUI\parts\ClickableRectangle">
      <UniqueIdentifier>{efec8aaf-a179-4a97-9c7c-eb739b6f8a8f}</UniqueIdentifier>
    </Filter>
    <Filter Include="Assets\Engine2\GUI\parts\ClickableRectangle\Button">
      <UniqueIdentifier>{8cad12af-13ae-4200-b50c-26ba35194bb0}</UniqueIdentifier>
    </Filter>
    <Filter Include="Assets\Engine2\GUI\parts\Label">
      <UniqueIdentifier>{d27f6d0f-5606-4806-845f-6bc86177f49d}</UniqueIdentifier>
    </Filter>
    <Filter Include="Assets\Engine2\CustomClass">
      <UniqueIdentifier>{9bbecff0-b05d-4300-8600-d3cf80a0de46}</UniqueIdentifier>
    </Filter>
    <Filter Include="Assets\Engine2\CustomClass\C">
      <UniqueIdentifier>{99137909-0348-4320-b2b6-63f16334353b}</UniqueIdentifier>
    </Filter>
    <Filter Include="Assets\Engine2\CustomClass\H">
      <UniqueIdentifier>{54b0ab9f-bde5-4b19-9933-9f95ee99f40e}</UniqueIdentifier>
    </Filter>
    <Filter Include="Assets\Engine2\GUI\parts\Font">
      <UniqueIdentifier>{c8e670db-0152-4222-b43f-9116316e5691}</UniqueIdentifier>
    </Filter>
  </ItemGroup>
  <ItemGroup>
    <Text Include="..\Assets\Meta\Sources.txt">
      <Filter>Assets\META</Filter>
    </Text>
    <Text Include="..\Assets\Meta\TODO.TXT">
      <Filter>Assets\META</Filter>
    </Text>
    <Text Include="..\Assets\Meta\Matrix.txt">
      <Filter>Assets\META</Filter>
    </Text>
    <Text Include="..\Assets\Meta\PNG LIBRARY.txt">
      <Filter>Assets\META</Filter>
    </Text>
  </ItemGroup>
  <ItemGroup>
    <Image Include="..\Assets\Resources\DOS_FONT_BLACK_22_5.bmp">
      <Filter>Assets\Resources</Filter>
    </Image>
    <Image Include="..\Assets\Resources\DOS_FONT_WHITE_22_5.bmp">
      <Filter>Assets\Resources</Filter>
    </Image>
    <Image Include="..\Assets\Resources\test_FLOODFILL.bmp">
      <Filter>Assets\Resources</Filter>
    </Image>
    <Image Include="..\Assets\Resources\test_RGB.bmp">
      <Filter>Assets\Resources</Filter>
    </Image>
    <Image Include="..\Assets\Resources\test_SPRITES.bmp">
      <Filter>Assets\Resources</Filter>
    </Image>
  </ItemGroup>
  <ItemGroup>
    <ClInclude Include="..\Assets\ChilliFramework\Timer.h">
      <Filter>Assets\ChilliFramework\H</Filter>
    </ClInclude>
    <ClInclude Include="..\Assets\ChilliFramework\Bitmap.h">
      <Filter>Assets\ChilliFramework\H</Filter>
    </ClInclude>
    <ClInclude Include="..\Assets\ChilliFramework\D3DGraphics.h">
      <Filter>Assets\ChilliFramework\H</Filter>
    </ClInclude>
    <ClInclude Include="..\Assets\ChilliFramework\FrameTimer.h">
      <Filter>Assets\ChilliFramework\H</Filter>
    </ClInclude>
    <ClInclude Include="..\Assets\ChilliFramework\Keyboard.h">
      <Filter>Assets\ChilliFramework\H</Filter>
    </ClInclude>
    <ClInclude Include="..\Assets\ChilliFramework\Mouse.h">
      <Filter>Assets\ChilliFramework\H</Filter>
    </ClInclude>
    <ClInclude Include="..\Assets\ChilliFramework\Resource.h">
      <Filter>Assets\ChilliFramework\H</Filter>
    </ClInclude>
    <ClInclude Include="..\Assets\ChilliFramework\Sound.h">
      <Filter>Assets\ChilliFramework\H</Filter>
    </ClInclude>
    <ClInclude Include="..\Assets\ChilliFramework\Surface.h">
      <Filter>Assets\ChilliFramework\H</Filter>
    </ClInclude>
    <ClInclude Include="..\Assets\ChilliFramework\SurfaceSequence.h">
      <Filter>Assets\ChilliFramework\H</Filter>
    </ClInclude>
    <ClInclude Include="..\Assets\Engine2\Colors.h">
      <Filter>Assets\Engine2\H</Filter>
    </ClInclude>
    <ClInclude Include="..\Assets\Engine2\CustomMath.h">
      <Filter>Assets\Engine2\H</Filter>
    </ClInclude>
    <ClInclude Include="..\Assets\Engine2\Func.h">
      <Filter>Assets\Engine2\H</Filter>
    </ClInclude>
    <ClInclude Include="..\Assets\Engine2\Game.h">
      <Filter>Assets\Engine2\H</Filter>
    </ClInclude>
    <ClInclude Include="..\Assets\Engine2\OutputStream.h">
      <Filter>Assets\Engine2\H</Filter>
    </ClInclude>
    <ClInclude Include="..\Assets\Engine2\DebugGUI.h">
      <Filter>Assets\Engine2\GUI\H</Filter>
    </ClInclude>
    <ClInclude Include="..\Assets\Engine2\GuiBuilder.h">
      <Filter>Assets\Engine2\GUI\H</Filter>
    </ClInclude>
    <ClInclude Include="..\Assets\Engine2\Drawing.h">
      <Filter>Assets\Engine2\GUI\H</Filter>
    </ClInclude>
    <ClInclude Include="..\Assets\Engine2\TestInterface.h">
      <Filter>Assets\Engine2\GUI\H</Filter>
    </ClInclude>
    <ClInclude Include="..\Assets\Engine2\Bmap.h">
      <Filter>Assets\Engine2\CustomClass\H</Filter>
    </ClInclude>
    <ClInclude Include="..\Assets\Engine2\Animation.h">
      <Filter>Assets\Engine2\CustomClass\H</Filter>
    </ClInclude>
    <ClInclude Include="..\Assets\Engine2\Vectors.h">
      <Filter>Assets\Engine2\CustomClass\H</Filter>
    </ClInclude>
    <ClInclude Include="..\Assets\Engine2\VectorBitmap.h">
      <Filter>Assets\Engine2\CustomClass\H</Filter>
    </ClInclude>
    <ClInclude Include="..\Assets\Engine2\Spritesheet.h">
      <Filter>Assets\Engine2\CustomClass\H</Filter>
    </ClInclude>
    <ClInclude Include="..\Assets\Engine2\Interface.h">
      <Filter>Assets\Engine2\GUI\H</Filter>
    </ClInclude>
    <ClInclude Include="..\Assets\Engine2\UserInterface.h">
      <Filter>Assets\Engine2\GUI\H</Filter>
    </ClInclude>
    <ClInclude Include="..\Assets\Engine2\Button.h">
      <Filter>Assets\Engine2\GUI\parts\ClickableRectangle\Button</Filter>
    </ClInclude>
    <ClInclude Include="..\Assets\Engine2\ClickableRectangle.h">
      <Filter>Assets\Engine2\GUI\parts\ClickableRectangle</Filter>
    </ClInclude>
    <ClInclude Include="..\Assets\Engine2\Labelz.h">
      <Filter>Assets\Engine2\GUI\parts\Label</Filter>
    </ClInclude>
    <ClInclude Include="..\Assets\Engine2\RasterFont.h">
      <Filter>Assets\Engine2\GUI\parts\Font</Filter>
    </ClInclude>
    <ClInclude Include="..\Assets\Engine2\TrianglePoly.h">
      <Filter>Assets\Engine2\GUI\H</Filter>
    </ClInclude>
    <ClInclude Include="..\Assets\Engine2\ConfigFile.h">
      <Filter>Assets\Engine2\CustomClass\H</Filter>
    </ClInclude>
  </ItemGroup>
  <ItemGroup>
    <ClCompile Include="..\Assets\ChilliFramework\Windows.cpp">
      <Filter>Assets\ChilliFramework\C</Filter>
    </ClCompile>
    <ClCompile Include="..\Assets\ChilliFramework\Bitmap.cpp">
      <Filter>Assets\ChilliFramework\C</Filter>
    </ClCompile>
    <ClCompile Include="..\Assets\ChilliFramework\D3DGraphics.cpp">
      <Filter>Assets\ChilliFramework\C</Filter>
    </ClCompile>
    <ClCompile Include="..\Assets\ChilliFramework\Keyboard.cpp">
      <Filter>Assets\ChilliFramework\C</Filter>
    </ClCompile>
    <ClCompile Include="..\Assets\ChilliFramework\Mouse.cpp">
      <Filter>Assets\ChilliFramework\C</Filter>
    </ClCompile>
    <ClCompile Include="..\Assets\ChilliFramework\Sound.cpp">
      <Filter>Assets\ChilliFramework\C</Filter>
    </ClCompile>
    <ClCompile Include="..\Assets\ChilliFramework\Timer.cpp">
      <Filter>Assets\ChilliFramework\C</Filter>
    </ClCompile>
    <ClCompile Include="..\Assets\Engine2\Game.cpp">
      <Filter>Assets\Engine2\C</Filter>
    </ClCompile>
    <ClCompile Include="..\Assets\Engine2\OutputStream.cpp">
      <Filter>Assets\Engine2\C</Filter>
    </ClCompile>
    <ClCompile Include="..\Assets\Engine2\CustomMath.cpp">
      <Filter>Assets\Engine2\C</Filter>
    </ClCompile>
    <ClCompile Include="..\Assets\Engine2\Func.cpp">
      <Filter>Assets\Engine2\C</Filter>
    </ClCompile>
    <ClCompile Include="..\Assets\Engine2\GuiBuilder.cpp">
      <Filter>Assets\Engine2\GUI\C</Filter>
    </ClCompile>
    <ClCompile Include="..\Assets\Engine2\DebugGUI.cpp">
      <Filter>Assets\Engine2\GUI\C</Filter>
    </ClCompile>
    <ClCompile Include="..\Assets\Engine2\Animation.cpp">
      <Filter>Assets\Engine2\CustomClass\C</Filter>
    </ClCompile>
    <ClCompile Include="..\Assets\Engine2\Bmap.cpp">
      <Filter>Assets\Engine2\CustomClass\C</Filter>
    </ClCompile>
    <ClCompile Include="..\Assets\Engine2\Spritesheet.cpp">
      <Filter>Assets\Engine2\CustomClass\C</Filter>
    </ClCompile>
    <ClCompile Include="..\Assets\Engine2\Vectors.cpp">
      <Filter>Assets\Engine2\CustomClass\C</Filter>
    </ClCompile>
    <ClCompile Include="..\Assets\Engine2\VectorBitmap.cpp">
      <Filter>Assets\Engine2\CustomClass\C</Filter>
    </ClCompile>
    <ClCompile Include="..\Assets\Engine2\Interface.cpp">
      <Filter>Assets\Engine2\GUI\C</Filter>
    </ClCompile>
    <ClCompile Include="..\Assets\Engine2\TestInterface.cpp">
      <Filter>Assets\Engine2\GUI\C</Filter>
    </ClCompile>
    <ClCompile Include="..\Assets\Engine2\Drawing.cpp">
      <Filter>Assets\Engine2\GUI\C</Filter>
    </ClCompile>
    <ClCompile Include="..\Assets\Engine2\UserInterface.cpp">
      <Filter>Assets\Engine2\GUI\C</Filter>
    </ClCompile>
    <ClCompile Include="..\Assets\Engine2\Button.cpp">
      <Filter>Assets\Engine2\GUI\parts\ClickableRectangle\Button</Filter>
    </ClCompile>
    <ClCompile Include="..\Assets\Engine2\ClickableRectangle.cpp">
      <Filter>Assets\Engine2\GUI\parts\ClickableRectangle</Filter>
    </ClCompile>
    <ClCompile Include="..\Assets\Engine2\Labelz.cpp">
      <Filter>Assets\Engine2\GUI\parts\Label</Filter>
    </ClCompile>
    <ClCompile Include="..\Assets\Engine2\RasterFont.cpp">
      <Filter>Assets\Engine2\GUI\parts\Font</Filter>
    </ClCompile>
    <ClCompile Include="..\Assets\Engine2\TrianglePoly.cpp">
      <Filter>Assets\Engine2\GUI\C</Filter>
    </ClCompile>
    <ClCompile Include="..\Assets\Engine2\ConfigFile.cpp">
      <Filter>Assets\Engine2\CustomClass\C</Filter>
    </ClCompile>
  </ItemGroup>
  <ItemGroup>
    <Resource Include="..\Assets\Resources\ChiliDirectXFramework.res">
      <Filter>Assets\Resources</Filter>
    </Resource>
  </ItemGroup>
</Project>